
Microsoft Visual Studio Solution File, Format Version 12.00
# Visual Studio Version 16
VisualStudioVersion = 16.0.29709.97
MinimumVisualStudioVersion = 10.0.40219.1
Project("{FAE04EC0-301F-11D3-BF4B-00C04F79EFBC}") = "upr2", "upr2.csproj", "{D5F536AB-E7B9-4E5A-ACDE-8C7D5F7F40DF}"
EndProject
Global
	GlobalSection(SolutionConfigurationPlatforms) = preSolution
		Debug|Any CPU = Debug|Any CPU
		Release|Any CPU = Release|Any CPU
	EndGlobalSection
	GlobalSection(ProjectConfigurationPlatforms) = postSolution
		{D5F536AB-E7B9-4E5A-ACDE-8C7D5F7F40DF}.Debug|Any CPU.ActiveCfg = Debug|Any CPU
		{D5F536AB-E7B9-4E5A-ACDE-8C7D5F7F40DF}.Debug|Any CPU.Build.0 = Debug|Any CPU
		{D5F536AB-E7B9-4E5A-ACDE-8C7D5F7F40DF}.Release|Any CPU.ActiveCfg = Release|Any CPU
		{D5F536AB-E7B9-4E5A-ACDE-8C7D5F7F40DF}.Release|Any CPU.Build.0 = Release|Any CPU
	EndGlobalSection
	GlobalSection(SolutionProperties) = preSolution
		HideSolutionNode = FALSE
	EndGlobalSection
	GlobalSection(ExtensibilityGlobals) = postSolution
		SolutionGuid = {ACDC8EA5-3734-4578-8296-9D7650EE949D}
	EndGlobalSection
EndGlobal
